
Microsoft Visual Studio Solution File, Format Version 12.00
# Visual Studio 15
VisualStudioVersion = 15.0.28307.329
MinimumVisualStudioVersion = 10.0.40219.1
Project("{FAE04EC0-301F-11D3-BF4B-00C04F79EFBC}") = "EventExperimentServices", "EventExperimentServices\EventExperimentServices.csproj", "{2181DFF6-DAC6-4475-8A09-0C149FD8AB9A}"
EndProject
Global
	GlobalSection(SolutionConfigurationPlatforms) = preSolution
		Debug|Any CPU = Debug|Any CPU
		Release|Any CPU = Release|Any CPU
	EndGlobalSection
	GlobalSection(ProjectConfigurationPlatforms) = postSolution
		{2181DFF6-DAC6-4475-8A09-0C149FD8AB9A}.Debug|Any CPU.ActiveCfg = Debug|Any CPU
		{2181DFF6-DAC6-4475-8A09-0C149FD8AB9A}.Debug|Any CPU.Build.0 = Debug|Any CPU
		{2181DFF6-DAC6-4475-8A09-0C149FD8AB9A}.Release|Any CPU.ActiveCfg = Release|Any CPU
		{2181DFF6-DAC6-4475-8A09-0C149FD8AB9A}.Release|Any CPU.Build.0 = Release|Any CPU
	EndGlobalSection
	GlobalSection(SolutionProperties) = preSolution
		HideSolutionNode = FALSE
	EndGlobalSection
	GlobalSection(ExtensibilityGlobals) = postSolution
		SolutionGuid = {BAF2C756-96B1-4715-9AC1-BFBF7DE77A2F}
	EndGlobalSection
EndGlobal
